# @generated - this file is auto-generated by `mise lock` https://mise.jdx.dev/dev-tools/mise-lock.html

lockfile_version = 2

[[tools.apm]]
version = "0.30.0"
backend = "github:microsoft/apm"
specifiers = ["latest"]

[tools.apm."platforms.linux-arm64"]
checksum = "sha256:5d40fce0bb4beb6f59d35949b6ce5dcb6eb1e8493f4a55fc5d91d764077f82df"
url = "https://github.com/microsoft/apm/releases/download/v0.30.0/apm-linux-arm64.tar.gz"
url_api = "https://api.github.com/repos/microsoft/apm/releases/assets/548560606"

[tools.apm."platforms.linux-arm64-musl"]
checksum = "sha256:5d40fce0bb4beb6f59d35949b6ce5dcb6eb1e8493f4a55fc5d91d764077f82df"
url = "https://github.com/microsoft/apm/releases/download/v0.30.0/apm-linux-arm64.tar.gz"
url_api = "https://api.github.com/repos/microsoft/apm/releases/assets/548560606"

[tools.apm."platforms.linux-x64"]
checksum = "sha256:8b84bebf19c350faf36d21aebb350dc656d04c0b7a1c2bf8ea35c0caa0e44bb9"
url = "https://github.com/microsoft/apm/releases/download/v0.30.0/apm-linux-x86_64.tar.gz"
url_api = "https://api.github.com/repos/microsoft/apm/releases/assets/548560609"

[tools.apm."platforms.linux-x64-musl"]
checksum = "sha256:8b84bebf19c350faf36d21aebb350dc656d04c0b7a1c2bf8ea35c0caa0e44bb9"
url = "https://github.com/microsoft/apm/releases/download/v0.30.0/apm-linux-x86_64.tar.gz"
url_api = "https://api.github.com/repos/microsoft/apm/releases/assets/548560609"

[tools.apm."platforms.macos-arm64"]
checksum = "sha256:1cbd8fefbb5f74fd0e05f196bb81cff3cec2876f8f8e1a2e45d4b78fa127a37c"
url = "https://github.com/microsoft/apm/releases/download/v0.30.0/apm-darwin-arm64.tar.gz"
url_api = "https://api.github.com/repos/microsoft/apm/releases/assets/548560612"

[tools.apm."platforms.macos-x64"]
checksum = "sha256:648ea29ef54d234c10495dc139d70a535e107b1e1e848c815197ca2b7b6f8515"
url = "https://github.com/microsoft/apm/releases/download/v0.30.0/apm-darwin-x86_64.tar.gz"
url_api = "https://api.github.com/repos/microsoft/apm/releases/assets/548560607"

[tools.apm."platforms.windows-x64"]
checksum = "sha256:54ca29eb9db47779ec4b421d47570567d5b48ce1e52ab9809e84a9db86be8828"
url = "https://github.com/microsoft/apm/releases/download/v0.30.0/apm-windows-x86_64.zip"
url_api = "https://api.github.com/repos/microsoft/apm/releases/assets/548560611"

[[tools.cmake]]
version = "4.4.3"
backend = "aqua:Kitware/CMake"
specifiers = ["latest"]

[tools.cmake."platforms.linux-arm64"]
checksum = "sha256:2efc974dbd63b4444c0e8494b92f2e80c2d7e635b4b80eac2916985ddd8f72a6"
url = "https://github.com/Kitware/CMake/releases/download/v4.4.3/cmake-4.4.3-linux-aarch64.tar.gz"
url_api = "https://api.github.com/repos/Kitware/CMake/releases/assets/529577299"

[tools.cmake."platforms.linux-arm64-musl"]
checksum = "sha256:2efc974dbd63b4444c0e8494b92f2e80c2d7e635b4b80eac2916985ddd8f72a6"
url = "https://github.com/Kitware/CMake/releases/download/v4.4.3/cmake-4.4.3-linux-aarch64.tar.gz"
url_api = "https://api.github.com/repos/Kitware/CMake/releases/assets/529577299"

[tools.cmake."platforms.linux-x64"]
checksum = "sha256:d6c83076c575bc00b823522ac974bda66d0af05d6ddc30e739c12385cf32c6cc"
url = "https://github.com/Kitware/CMake/releases/download/v4.4.3/cmake-4.4.3-linux-x86_64.tar.gz"
url_api = "https://api.github.com/repos/Kitware/CMake/releases/assets/529577408"

[tools.cmake."platforms.linux-x64-musl"]
checksum = "sha256:d6c83076c575bc00b823522ac974bda66d0af05d6ddc30e739c12385cf32c6cc"
url = "https://github.com/Kitware/CMake/releases/download/v4.4.3/cmake-4.4.3-linux-x86_64.tar.gz"
url_api = "https://api.github.com/repos/Kitware/CMake/releases/assets/529577408"

[tools.cmake."platforms.macos-arm64"]
checksum = "sha256:0c5d65251c14cc884bfa16bdbed3c263ce5bffe2e21c0d0d00962cb0610464fa"
url = "https://github.com/Kitware/CMake/releases/download/v4.4.3/cmake-4.4.3-macos-universal.tar.gz"
url_api = "https://api.github.com/repos/Kitware/CMake/releases/assets/529577557"

[tools.cmake."platforms.macos-x64"]
checksum = "sha256:0c5d65251c14cc884bfa16bdbed3c263ce5bffe2e21c0d0d00962cb0610464fa"
url = "https://github.com/Kitware/CMake/releases/download/v4.4.3/cmake-4.4.3-macos-universal.tar.gz"
url_api = "https://api.github.com/repos/Kitware/CMake/releases/assets/529577557"

[tools.cmake."platforms.windows-x64"]
checksum = "sha256:4d52ebab7193a698651639ed80d8d04fd903358843572cf44c7fd234cb7c26ab"
url = "https://github.com/Kitware/CMake/releases/download/v4.4.3/cmake-4.4.3-windows-x86_64.zip"
url_api = "https://api.github.com/repos/Kitware/CMake/releases/assets/529578311"

[[tools.glab]]
version = "1.117.0"
backend = "gitlab:gitlab-org/cli"
specifiers = ["latest"]

[tools.glab."platforms.linux-arm64"]
checksum = "sha256:ce533c314b69014664020567d006b5c86435f0fa16561aba18929bea26506828"
url = "https://gitlab.com/gitlab-org/cli/-/releases/v1.117.0/downloads/glab_1.117.0_linux_arm64.tar.gz"
url_api = "https://gitlab.com/api/v4/projects/gitlab-org%2Fcli/packages/generic/glab/1%2E117%2E0/glab_1%2E117%2E0_linux_arm64%2Etar%2Egz"

[tools.glab."platforms.linux-arm64-musl"]
checksum = "sha256:ce533c314b69014664020567d006b5c86435f0fa16561aba18929bea26506828"
url = "https://gitlab.com/gitlab-org/cli/-/releases/v1.117.0/downloads/glab_1.117.0_linux_arm64.tar.gz"
url_api = "https://gitlab.com/api/v4/projects/gitlab-org%2Fcli/packages/generic/glab/1%2E117%2E0/glab_1%2E117%2E0_linux_arm64%2Etar%2Egz"

[tools.glab."platforms.linux-x64"]
checksum = "sha256:1edfd0fba284e93396a9fd8899b9fff10f34f90b733943b1a70e21431a1991ab"
url = "https://gitlab.com/gitlab-org/cli/-/releases/v1.117.0/downloads/glab_1.117.0_linux_amd64.tar.gz"
url_api = "https://gitlab.com/api/v4/projects/gitlab-org%2Fcli/packages/generic/glab/1%2E117%2E0/glab_1%2E117%2E0_linux_amd64%2Etar%2Egz"

[tools.glab."platforms.linux-x64-musl"]
checksum = "sha256:1edfd0fba284e93396a9fd8899b9fff10f34f90b733943b1a70e21431a1991ab"
url = "https://gitlab.com/gitlab-org/cli/-/releases/v1.117.0/downloads/glab_1.117.0_linux_amd64.tar.gz"
url_api = "https://gitlab.com/api/v4/projects/gitlab-org%2Fcli/packages/generic/glab/1%2E117%2E0/glab_1%2E117%2E0_linux_amd64%2Etar%2Egz"

[tools.glab."platforms.macos-arm64"]
checksum = "sha256:9fef4b1f302a5eebe615531d0e5e842ba79cb34df41580bdc0f399a465d8ad15"
url = "https://gitlab.com/gitlab-org/cli/-/releases/v1.117.0/downloads/glab_1.117.0_darwin_arm64.tar.gz"
url_api = "https://gitlab.com/api/v4/projects/gitlab-org%2Fcli/packages/generic/glab/1%2E117%2E0/glab_1%2E117%2E0_darwin_arm64%2Etar%2Egz"

[tools.glab."platforms.macos-x64"]
checksum = "sha256:9136d10c7f4399cb9ee206c75dbeddeb83062c7faafd80f4c5ce9afe88c63a31"
url = "https://gitlab.com/gitlab-org/cli/-/releases/v1.117.0/downloads/glab_1.117.0_darwin_amd64.tar.gz"
url_api = "https://gitlab.com/api/v4/projects/gitlab-org%2Fcli/packages/generic/glab/1%2E117%2E0/glab_1%2E117%2E0_darwin_amd64%2Etar%2Egz"

[tools.glab."platforms.windows-x64"]
checksum = "sha256:3272ddb8e74f75e4d956b9fd137e7ababf23f3d74441c5ddc7a5ca45bb4eb8a0"
url = "https://gitlab.com/gitlab-org/cli/-/releases/v1.117.0/downloads/glab_1.117.0_windows_amd64.zip"
url_api = "https://gitlab.com/api/v4/projects/gitlab-org%2Fcli/packages/generic/glab/1%2E117%2E0/glab_1%2E117%2E0_windows_amd64%2Ezip"

[[tools."http:llvm"]]
version = "22.1.8"
backend = "http:llvm"
specifiers = ["22.1.8"]

[tools."http:llvm".options]
strip_components = "1"

[tools."http:llvm"."platforms.linux-arm64"]
checksum = "sha256:805efad2bb91cb4967fa569e0881d10c0f69c04461cf671cccbae19f547acc34"
url = "https://github.com/llvm/llvm-project/releases/download/llvmorg-22.1.8/LLVM-22.1.8-Linux-ARM64.tar.xz"

[tools."http:llvm"."platforms.linux-arm64-musl"]
checksum = "sha256:805efad2bb91cb4967fa569e0881d10c0f69c04461cf671cccbae19f547acc34"
url = "https://github.com/llvm/llvm-project/releases/download/llvmorg-22.1.8/LLVM-22.1.8-Linux-ARM64.tar.xz"

[tools."http:llvm"."platforms.linux-x64"]
checksum = "sha256:df0e1ecf16caf3489a272a5eea4eec9b0d82878f6477fa309504f918a0006384"
url = "https://github.com/llvm/llvm-project/releases/download/llvmorg-22.1.8/LLVM-22.1.8-Linux-X64.tar.xz"

[tools."http:llvm"."platforms.linux-x64-musl"]
checksum = "sha256:df0e1ecf16caf3489a272a5eea4eec9b0d82878f6477fa309504f918a0006384"
url = "https://github.com/llvm/llvm-project/releases/download/llvmorg-22.1.8/LLVM-22.1.8-Linux-X64.tar.xz"

[tools."http:llvm"."platforms.windows-x64"]
checksum = "sha256:d96c2cc1736f4eb7fa43cb9bbdf56d93551a9ae0a9aadb9c99c3c3b2b712a234"
url = "https://github.com/llvm/llvm-project/releases/download/llvmorg-22.1.8/clang%2Bllvm-22.1.8-x86_64-pc-windows-msvc.tar.xz"

[[tools.lefthook]]
version = "2.1.12"
backend = "aqua:evilmartians/lefthook"
specifiers = ["latest"]

[tools.lefthook."platforms.linux-arm64"]
checksum = "sha256:d96ac16753f6d3d69b92098621c2a2427522a9c2c3e78cd7c9b4a9790b0b8f17"
url = "https://github.com/evilmartians/lefthook/releases/download/v2.1.12/lefthook_2.1.12_Linux_aarch64.gz"
url_api = "https://api.github.com/repos/evilmartians/lefthook/releases/assets/533627819"
provenance = "github-attestations"

[tools.lefthook."platforms.linux-arm64-musl"]
checksum = "sha256:d96ac16753f6d3d69b92098621c2a2427522a9c2c3e78cd7c9b4a9790b0b8f17"
url = "https://github.com/evilmartians/lefthook/releases/download/v2.1.12/lefthook_2.1.12_Linux_aarch64.gz"
url_api = "https://api.github.com/repos/evilmartians/lefthook/releases/assets/533627819"
provenance = "github-attestations"

[tools.lefthook."platforms.linux-x64"]
checksum = "sha256:dad908593c859d139b886c14913a44401d95288aa7642d9bdf6f3bd36bd788ff"
url = "https://github.com/evilmartians/lefthook/releases/download/v2.1.12/lefthook_2.1.12_Linux_x86_64.gz"
url_api = "https://api.github.com/repos/evilmartians/lefthook/releases/assets/533627780"
provenance = "github-attestations"

[tools.lefthook."platforms.linux-x64-musl"]
checksum = "sha256:dad908593c859d139b886c14913a44401d95288aa7642d9bdf6f3bd36bd788ff"
url = "https://github.com/evilmartians/lefthook/releases/download/v2.1.12/lefthook_2.1.12_Linux_x86_64.gz"
url_api = "https://api.github.com/repos/evilmartians/lefthook/releases/assets/533627780"
provenance = "github-attestations"

[tools.lefthook."platforms.macos-arm64"]
checksum = "sha256:f23eac328ca50c7b775dc24dc275cdeacb65e16cf8bd1745d18e3c563f704f94"
url = "https://github.com/evilmartians/lefthook/releases/download/v2.1.12/lefthook_2.1.12_MacOS_arm64.gz"
url_api = "https://api.github.com/repos/evilmartians/lefthook/releases/assets/533627758"
provenance = "github-attestations"

[tools.lefthook."platforms.macos-x64"]
checksum = "sha256:83c8591d338b1b789944480d9effe2807adc903cf27e4a16ab013e39d7723c31"
url = "https://github.com/evilmartians/lefthook/releases/download/v2.1.12/lefthook_2.1.12_MacOS_x86_64.gz"
url_api = "https://api.github.com/repos/evilmartians/lefthook/releases/assets/533627775"
provenance = "github-attestations"

[tools.lefthook."platforms.windows-x64"]
checksum = "sha256:c642d9ad8818faff1379e1b72321b4baddd0d6f20ffd7303f59386bb6abfd6e9"
url = "https://github.com/evilmartians/lefthook/releases/download/v2.1.12/lefthook_2.1.12_Windows_x86_64.gz"
url_api = "https://api.github.com/repos/evilmartians/lefthook/releases/assets/533627801"
provenance = "github-attestations"

[[tools.node]]
version = "24.21.0"
backend = "core:node"
specifiers = ["24"]

[tools.node."platforms.linux-arm64"]
checksum = "sha256:622424efb5dc0c26c93fbb619ff10737ee289c605b837c88778e186925d82777"
url = "https://nodejs.org/dist/v24.21.0/node-v24.21.0.tar.gz"
install = "source"

[tools.node."platforms.linux-arm64-musl"]
checksum = "sha256:622424efb5dc0c26c93fbb619ff10737ee289c605b837c88778e186925d82777"
url = "https://nodejs.org/dist/v24.21.0/node-v24.21.0.tar.gz"
install = "source"

[tools.node."platforms.linux-x64"]
checksum = "sha256:622424efb5dc0c26c93fbb619ff10737ee289c605b837c88778e186925d82777"
url = "https://nodejs.org/dist/v24.21.0/node-v24.21.0.tar.gz"
install = "source"

[tools.node."platforms.linux-x64-musl"]
checksum = "sha256:622424efb5dc0c26c93fbb619ff10737ee289c605b837c88778e186925d82777"
url = "https://nodejs.org/dist/v24.21.0/node-v24.21.0.tar.gz"
install = "source"

[tools.node."platforms.macos-arm64"]
checksum = "sha256:622424efb5dc0c26c93fbb619ff10737ee289c605b837c88778e186925d82777"
url = "https://nodejs.org/dist/v24.21.0/node-v24.21.0.tar.gz"
install = "source"

[tools.node."platforms.macos-x64"]
checksum = "sha256:622424efb5dc0c26c93fbb619ff10737ee289c605b837c88778e186925d82777"
url = "https://nodejs.org/dist/v24.21.0/node-v24.21.0.tar.gz"
install = "source"

[tools.node."platforms.windows-x64"]
checksum = "sha256:158f7685b44de51f6c0df1d153526cbcd3e1bc739a8dfc607721cef75de9e541"
url = "https://nodejs.org/dist/v24.21.0/node-v24.21.0-win-x64.zip"

[[tools.pnpm]]
version = "12.6.0"
backend = "aqua:pnpm/pnpm"
specifiers = ["latest"]

[tools.pnpm."platforms.linux-arm64"]
checksum = "sha256:973af2b3eb9509416cf889a7336705062c936407d5fda07298814e7532f5dea1"
url = "https://github.com/pnpm/pnpm/releases/download/v12.6.0/pnpm-linux-arm64.tar.gz"
url_api = "https://api.github.com/repos/pnpm/pnpm/releases/assets/581813240"
provenance = "github-attestations"

[tools.pnpm."platforms.linux-arm64-musl"]
checksum = "sha256:61e5a2b9aa8c1ebb73ea22203021531f88b8aff9499b68be03f695d9377928c1"
url = "https://github.com/pnpm/pnpm/releases/download/v12.6.0/pnpm-linux-arm64-musl.tar.gz"
url_api = "https://api.github.com/repos/pnpm/pnpm/releases/assets/581813242"
provenance = "github-attestations"

[tools.pnpm."platforms.linux-x64"]
checksum = "sha256:3f4c66f668d0e84219679982d095b30da68325e1fac9284e7f5dc1584bd3d13e"
url = "https://github.com/pnpm/pnpm/releases/download/v12.6.0/pnpm-linux-x64.tar.gz"
url_api = "https://api.github.com/repos/pnpm/pnpm/releases/assets/581813243"
provenance = "github-attestations"

[tools.pnpm."platforms.linux-x64-musl"]
checksum = "sha256:bf23d242a6c7a4d42b21bf1d93bff9d6a473cf8b6a7a990c6ed3094228513048"
url = "https://github.com/pnpm/pnpm/releases/download/v12.6.0/pnpm-linux-x64-musl.tar.gz"
url_api = "https://api.github.com/repos/pnpm/pnpm/releases/assets/581813234"
provenance = "github-attestations"

[tools.pnpm."platforms.macos-arm64"]
checksum = "sha256:1030f38e14fa2e6c87fe6ab0313a3bf3b794a961504f4439bad2ca2110d3583e"
url = "https://github.com/pnpm/pnpm/releases/download/v12.6.0/pnpm-darwin-arm64.tar.gz"
url_api = "https://api.github.com/repos/pnpm/pnpm/releases/assets/581813250"
provenance = "github-attestations"

[tools.pnpm."platforms.macos-x64"]
checksum = "sha256:baee033929fd76bdf0193ea35aad6efa7ac2931b96f2780328d244c70174306a"
url = "https://github.com/pnpm/pnpm/releases/download/v12.6.0/pnpm-darwin-x64.tar.gz"
url_api = "https://api.github.com/repos/pnpm/pnpm/releases/assets/581813241"
provenance = "github-attestations"

[tools.pnpm."platforms.windows-x64"]
checksum = "sha256:8152a1c9d14d38fb1cd98a211bcc48e4ae0c921ad918c52ffce19c222268f8b8"
url = "https://github.com/pnpm/pnpm/releases/download/v12.6.0/pnpm-win32-x64.zip"
url_api = "https://api.github.com/repos/pnpm/pnpm/releases/assets/581813237"
provenance = "github-attestations"

[[tools.rust]]
version = "1.98.1"
backend = "core:rust"
specifiers = ["1.98"]

[tools.rust.options]
components = "clippy,rustfmt"

[[tools.tinytex]]
version = "2026.09"
backend = "asdf:tinytex"
specifiers = ["2026.09"]

[tools.tinytex."platforms.linux-arm64"]
url = "https://github.com/rstudio/tinytex-releases/releases/download/v2026.09/TinyTeX-v2026.09.tar.gz"

[tools.tinytex."platforms.linux-arm64-musl"]
url = "https://github.com/rstudio/tinytex-releases/releases/download/v2026.09/TinyTeX-v2026.09.tar.gz"

[tools.tinytex."platforms.linux-x64"]
url = "https://github.com/rstudio/tinytex-releases/releases/download/v2026.09/TinyTeX-v2026.09.tar.gz"

[tools.tinytex."platforms.linux-x64-musl"]
url = "https://github.com/rstudio/tinytex-releases/releases/download/v2026.09/TinyTeX-v2026.09.tar.gz"

[tools.tinytex."platforms.macos-arm64"]
url = "https://github.com/rstudio/tinytex-releases/releases/download/v2026.09/TinyTeX-v2026.09.tgz"

[tools.tinytex."platforms.macos-x64"]
url = "https://github.com/rstudio/tinytex-releases/releases/download/v2026.09/TinyTeX-v2026.09.tgz"

[tools.tinytex."platforms.windows-x64"]
url = "https://github.com/rstudio/tinytex-releases/releases/download/v2026.09/TinyTeX-v2026.09.tar.gz"
