# @generated - this file is auto-generated by `mise lock` https://mise.en.dev/dev-tools/mise-lock.html

lockfile_version = 2

[[tools.apm]]
version = "0.31.0"
backend = "github:microsoft/apm"
specifiers = ["latest"]

[tools.apm."platforms.linux-arm64"]
checksum = "sha256:256703569520bd60503c63a526b63cb6d0382d5b9bf68909d716f2198739dbae"
url = "https://github.com/microsoft/apm/releases/download/v0.31.0/apm-linux-arm64.tar.gz"
url_api = "https://api.github.com/repos/microsoft/apm/releases/assets/566200572"

[tools.apm."platforms.linux-arm64-musl"]
checksum = "sha256:256703569520bd60503c63a526b63cb6d0382d5b9bf68909d716f2198739dbae"
url = "https://github.com/microsoft/apm/releases/download/v0.31.0/apm-linux-arm64.tar.gz"
url_api = "https://api.github.com/repos/microsoft/apm/releases/assets/566200572"

[tools.apm."platforms.linux-x64"]
checksum = "sha256:866d7f2cc095e858e52c4c81e2fc0acb99d1fb1948fe5464165bb362d08e9645"
url = "https://github.com/microsoft/apm/releases/download/v0.31.0/apm-linux-x86_64.tar.gz"
url_api = "https://api.github.com/repos/microsoft/apm/releases/assets/566200570"

[tools.apm."platforms.linux-x64-musl"]
checksum = "sha256:866d7f2cc095e858e52c4c81e2fc0acb99d1fb1948fe5464165bb362d08e9645"
url = "https://github.com/microsoft/apm/releases/download/v0.31.0/apm-linux-x86_64.tar.gz"
url_api = "https://api.github.com/repos/microsoft/apm/releases/assets/566200570"

[tools.apm."platforms.macos-arm64"]
checksum = "sha256:3b985ba7355b3cd925fd384f43af7d2d4591254431df28f5d0163f16d3a13e81"
url = "https://github.com/microsoft/apm/releases/download/v0.31.0/apm-darwin-arm64.tar.gz"
url_api = "https://api.github.com/repos/microsoft/apm/releases/assets/566200571"

[tools.apm."platforms.macos-x64"]
checksum = "sha256:82582957856aa5d15f432431470027e05bdc04cdeb75eff99973a941701a0700"
url = "https://github.com/microsoft/apm/releases/download/v0.31.0/apm-darwin-x86_64.tar.gz"
url_api = "https://api.github.com/repos/microsoft/apm/releases/assets/566200568"

[tools.apm."platforms.windows-x64"]
checksum = "sha256:a5b2b46378f560b3a2c4ff0c8a5e027cb851c5220ca8a31f9a44f9667ddb0f01"
url = "https://github.com/microsoft/apm/releases/download/v0.31.0/apm-windows-x86_64.zip"
url_api = "https://api.github.com/repos/microsoft/apm/releases/assets/566200574"

[[tools.cmake]]
version = "4.4.3"
backend = "aqua:Kitware/CMake"
specifiers = ["latest"]

[tools.cmake."platforms.linux-arm64"]
checksum = "sha256:2efc974dbd63b4444c0e8494b92f2e80c2d7e635b4b80eac2916985ddd8f72a6"
url = "https://github.com/Kitware/CMake/releases/download/v4.4.3/cmake-4.4.3-linux-aarch64.tar.gz"
url_api = "https://api.github.com/repos/Kitware/CMake/releases/assets/529577299"

[tools.cmake."platforms.linux-arm64-musl"]
checksum = "sha256:2efc974dbd63b4444c0e8494b92f2e80c2d7e635b4b80eac2916985ddd8f72a6"
url = "https://github.com/Kitware/CMake/releases/download/v4.4.3/cmake-4.4.3-linux-aarch64.tar.gz"
url_api = "https://api.github.com/repos/Kitware/CMake/releases/assets/529577299"

[tools.cmake."platforms.linux-x64"]
checksum = "sha256:d6c83076c575bc00b823522ac974bda66d0af05d6ddc30e739c12385cf32c6cc"
url = "https://github.com/Kitware/CMake/releases/download/v4.4.3/cmake-4.4.3-linux-x86_64.tar.gz"
url_api = "https://api.github.com/repos/Kitware/CMake/releases/assets/529577408"

[tools.cmake."platforms.linux-x64-musl"]
checksum = "sha256:d6c83076c575bc00b823522ac974bda66d0af05d6ddc30e739c12385cf32c6cc"
url = "https://github.com/Kitware/CMake/releases/download/v4.4.3/cmake-4.4.3-linux-x86_64.tar.gz"
url_api = "https://api.github.com/repos/Kitware/CMake/releases/assets/529577408"

[tools.cmake."platforms.macos-arm64"]
checksum = "sha256:0c5d65251c14cc884bfa16bdbed3c263ce5bffe2e21c0d0d00962cb0610464fa"
url = "https://github.com/Kitware/CMake/releases/download/v4.4.3/cmake-4.4.3-macos-universal.tar.gz"
url_api = "https://api.github.com/repos/Kitware/CMake/releases/assets/529577557"

[tools.cmake."platforms.macos-x64"]
checksum = "sha256:0c5d65251c14cc884bfa16bdbed3c263ce5bffe2e21c0d0d00962cb0610464fa"
url = "https://github.com/Kitware/CMake/releases/download/v4.4.3/cmake-4.4.3-macos-universal.tar.gz"
url_api = "https://api.github.com/repos/Kitware/CMake/releases/assets/529577557"

[tools.cmake."platforms.windows-x64"]
checksum = "sha256:4d52ebab7193a698651639ed80d8d04fd903358843572cf44c7fd234cb7c26ab"
url = "https://github.com/Kitware/CMake/releases/download/v4.4.3/cmake-4.4.3-windows-x86_64.zip"
url_api = "https://api.github.com/repos/Kitware/CMake/releases/assets/529578311"

[[tools.glab]]
version = "1.118.0"
backend = "gitlab:gitlab-org/cli"
specifiers = ["latest"]

[tools.glab."platforms.linux-arm64"]
checksum = "sha256:0f6171766dd7f8246b7ce85bab18bd99d57ce2538e0ec9121c48fe004308eac4"
url = "https://gitlab.com/gitlab-org/cli/-/releases/v1.118.0/downloads/glab_1.118.0_linux_arm64.tar.gz"
url_api = "https://gitlab.com/api/v4/projects/gitlab-org%2Fcli/packages/generic/glab/1%2E118%2E0/glab_1%2E118%2E0_linux_arm64%2Etar%2Egz"

[tools.glab."platforms.linux-arm64-musl"]
checksum = "sha256:0f6171766dd7f8246b7ce85bab18bd99d57ce2538e0ec9121c48fe004308eac4"
url = "https://gitlab.com/gitlab-org/cli/-/releases/v1.118.0/downloads/glab_1.118.0_linux_arm64.tar.gz"
url_api = "https://gitlab.com/api/v4/projects/gitlab-org%2Fcli/packages/generic/glab/1%2E118%2E0/glab_1%2E118%2E0_linux_arm64%2Etar%2Egz"

[tools.glab."platforms.linux-x64"]
checksum = "sha256:f3782ddb62b6ab20d0031699ea7b43f345dc6f63e991883660e21343b9524931"
url = "https://gitlab.com/gitlab-org/cli/-/releases/v1.118.0/downloads/glab_1.118.0_linux_amd64.tar.gz"
url_api = "https://gitlab.com/api/v4/projects/gitlab-org%2Fcli/packages/generic/glab/1%2E118%2E0/glab_1%2E118%2E0_linux_amd64%2Etar%2Egz"

[tools.glab."platforms.linux-x64-musl"]
checksum = "sha256:f3782ddb62b6ab20d0031699ea7b43f345dc6f63e991883660e21343b9524931"
url = "https://gitlab.com/gitlab-org/cli/-/releases/v1.118.0/downloads/glab_1.118.0_linux_amd64.tar.gz"
url_api = "https://gitlab.com/api/v4/projects/gitlab-org%2Fcli/packages/generic/glab/1%2E118%2E0/glab_1%2E118%2E0_linux_amd64%2Etar%2Egz"

[tools.glab."platforms.macos-arm64"]
checksum = "sha256:d289e2ba48f85cc0639cb77e4ea78c14d222d099e8d545c7bb687ba779255f47"
url = "https://gitlab.com/gitlab-org/cli/-/releases/v1.118.0/downloads/glab_1.118.0_darwin_arm64.tar.gz"
url_api = "https://gitlab.com/api/v4/projects/gitlab-org%2Fcli/packages/generic/glab/1%2E118%2E0/glab_1%2E118%2E0_darwin_arm64%2Etar%2Egz"

[tools.glab."platforms.macos-x64"]
checksum = "sha256:4807060de413264c69a36d5829e186918f58c5dcc8b884d75624b7052a5814ba"
url = "https://gitlab.com/gitlab-org/cli/-/releases/v1.118.0/downloads/glab_1.118.0_darwin_amd64.tar.gz"
url_api = "https://gitlab.com/api/v4/projects/gitlab-org%2Fcli/packages/generic/glab/1%2E118%2E0/glab_1%2E118%2E0_darwin_amd64%2Etar%2Egz"

[tools.glab."platforms.windows-x64"]
checksum = "sha256:f9e843edb625a6f78686d8f421f1e80f98f76fe993b75263c1aa9f428c8a32ff"
url = "https://gitlab.com/gitlab-org/cli/-/releases/v1.118.0/downloads/glab_1.118.0_windows_amd64.zip"
url_api = "https://gitlab.com/api/v4/projects/gitlab-org%2Fcli/packages/generic/glab/1%2E118%2E0/glab_1%2E118%2E0_windows_amd64%2Ezip"

[[tools."http:llvm"]]
version = "22.1.8"
backend = "http:llvm"
specifiers = ["22.1.8"]

[tools."http:llvm".options]
strip_components = "1"

[tools."http:llvm"."platforms.linux-arm64"]
checksum = "sha256:805efad2bb91cb4967fa569e0881d10c0f69c04461cf671cccbae19f547acc34"
url = "https://github.com/llvm/llvm-project/releases/download/llvmorg-22.1.8/LLVM-22.1.8-Linux-ARM64.tar.xz"

[tools."http:llvm"."platforms.linux-arm64-musl"]
checksum = "sha256:805efad2bb91cb4967fa569e0881d10c0f69c04461cf671cccbae19f547acc34"
url = "https://github.com/llvm/llvm-project/releases/download/llvmorg-22.1.8/LLVM-22.1.8-Linux-ARM64.tar.xz"

[tools."http:llvm"."platforms.linux-x64"]
checksum = "sha256:df0e1ecf16caf3489a272a5eea4eec9b0d82878f6477fa309504f918a0006384"
url = "https://github.com/llvm/llvm-project/releases/download/llvmorg-22.1.8/LLVM-22.1.8-Linux-X64.tar.xz"

[tools."http:llvm"."platforms.linux-x64-musl"]
checksum = "sha256:df0e1ecf16caf3489a272a5eea4eec9b0d82878f6477fa309504f918a0006384"
url = "https://github.com/llvm/llvm-project/releases/download/llvmorg-22.1.8/LLVM-22.1.8-Linux-X64.tar.xz"

[tools."http:llvm"."platforms.windows-x64"]
checksum = "sha256:d96c2cc1736f4eb7fa43cb9bbdf56d93551a9ae0a9aadb9c99c3c3b2b712a234"
url = "https://github.com/llvm/llvm-project/releases/download/llvmorg-22.1.8/clang%2Bllvm-22.1.8-x86_64-pc-windows-msvc.tar.xz"

[[tools.lefthook]]
version = "2.1.14"
backend = "aqua:evilmartians/lefthook"
specifiers = ["latest"]

[tools.lefthook."platforms.linux-arm64"]
checksum = "sha256:2fd4b1f33aab4e4c8691a1a6a750b0638a40bdef871234cacb33781615dbf7ba"
url = "https://github.com/evilmartians/lefthook/releases/download/v2.1.14/lefthook_2.1.14_Linux_aarch64.gz"
url_api = "https://api.github.com/repos/evilmartians/lefthook/releases/assets/563149908"
provenance = "github-attestations"

[tools.lefthook."platforms.linux-arm64-musl"]
checksum = "sha256:2fd4b1f33aab4e4c8691a1a6a750b0638a40bdef871234cacb33781615dbf7ba"
url = "https://github.com/evilmartians/lefthook/releases/download/v2.1.14/lefthook_2.1.14_Linux_aarch64.gz"
url_api = "https://api.github.com/repos/evilmartians/lefthook/releases/assets/563149908"
provenance = "github-attestations"

[tools.lefthook."platforms.linux-x64"]
checksum = "sha256:2be3187101b3a2edd5edf8b546aa2e3820531c517b4cd0216601a9c06f07c42d"
url = "https://github.com/evilmartians/lefthook/releases/download/v2.1.14/lefthook_2.1.14_Linux_x86_64.gz"
url_api = "https://api.github.com/repos/evilmartians/lefthook/releases/assets/563149839"
provenance = "github-attestations"

[tools.lefthook."platforms.linux-x64-musl"]
checksum = "sha256:2be3187101b3a2edd5edf8b546aa2e3820531c517b4cd0216601a9c06f07c42d"
url = "https://github.com/evilmartians/lefthook/releases/download/v2.1.14/lefthook_2.1.14_Linux_x86_64.gz"
url_api = "https://api.github.com/repos/evilmartians/lefthook/releases/assets/563149839"
provenance = "github-attestations"

[tools.lefthook."platforms.macos-arm64"]
checksum = "sha256:398e6a23dfe2de3fc113e091dd4b592795cc8f1665acf5501856858b8056d686"
url = "https://github.com/evilmartians/lefthook/releases/download/v2.1.14/lefthook_2.1.14_MacOS_arm64.gz"
url_api = "https://api.github.com/repos/evilmartians/lefthook/releases/assets/563149840"
provenance = "github-attestations"

[tools.lefthook."platforms.macos-x64"]
checksum = "sha256:9e304cad12b3785bf45ba6085fa6a91ed45f6ff6e7dabd50cb6834959caef06a"
url = "https://github.com/evilmartians/lefthook/releases/download/v2.1.14/lefthook_2.1.14_MacOS_x86_64.gz"
url_api = "https://api.github.com/repos/evilmartians/lefthook/releases/assets/563149898"
provenance = "github-attestations"

[tools.lefthook."platforms.windows-x64"]
checksum = "sha256:61a0f47c75c741fa2788aff55f85dfa0a34307257b176cb6b20fd821ae030454"
url = "https://github.com/evilmartians/lefthook/releases/download/v2.1.14/lefthook_2.1.14_Windows_x86_64.gz"
url_api = "https://api.github.com/repos/evilmartians/lefthook/releases/assets/563149872"
provenance = "github-attestations"

[[tools.node]]
version = "24.21.0"
backend = "core:node"
specifiers = ["24"]

[tools.node."platforms.linux-arm64"]
checksum = "sha256:622424efb5dc0c26c93fbb619ff10737ee289c605b837c88778e186925d82777"
url = "https://nodejs.org/dist/v24.21.0/node-v24.21.0.tar.gz"
install = "source"

[tools.node."platforms.linux-arm64-musl"]
checksum = "sha256:622424efb5dc0c26c93fbb619ff10737ee289c605b837c88778e186925d82777"
url = "https://nodejs.org/dist/v24.21.0/node-v24.21.0.tar.gz"
install = "source"

[tools.node."platforms.linux-x64"]
checksum = "sha256:622424efb5dc0c26c93fbb619ff10737ee289c605b837c88778e186925d82777"
url = "https://nodejs.org/dist/v24.21.0/node-v24.21.0.tar.gz"
install = "source"

[tools.node."platforms.linux-x64-musl"]
checksum = "sha256:622424efb5dc0c26c93fbb619ff10737ee289c605b837c88778e186925d82777"
url = "https://nodejs.org/dist/v24.21.0/node-v24.21.0.tar.gz"
install = "source"

[tools.node."platforms.macos-arm64"]
checksum = "sha256:622424efb5dc0c26c93fbb619ff10737ee289c605b837c88778e186925d82777"
url = "https://nodejs.org/dist/v24.21.0/node-v24.21.0.tar.gz"
install = "source"

[tools.node."platforms.macos-x64"]
checksum = "sha256:622424efb5dc0c26c93fbb619ff10737ee289c605b837c88778e186925d82777"
url = "https://nodejs.org/dist/v24.21.0/node-v24.21.0.tar.gz"
install = "source"

[tools.node."platforms.windows-x64"]
checksum = "sha256:158f7685b44de51f6c0df1d153526cbcd3e1bc739a8dfc607721cef75de9e541"
url = "https://nodejs.org/dist/v24.21.0/node-v24.21.0-win-x64.zip"

[[tools.pnpm]]
version = "12.5.1"
backend = "aqua:pnpm/pnpm"
specifiers = ["latest"]

[tools.pnpm."platforms.linux-arm64"]
checksum = "sha256:84e1290e82c800acd406b6db27e9650e15db3c2344d12162cc305ea1f942c6ff"
url = "https://github.com/pnpm/pnpm/releases/download/v12.5.1/pnpm-linux-arm64.tar.gz"
url_api = "https://api.github.com/repos/pnpm/pnpm/releases/assets/573486212"
provenance = "github-attestations"

[tools.pnpm."platforms.linux-arm64-musl"]
checksum = "sha256:41d24fdc91360b431d667c54720f62b2d32e14ba71b09b2d0a63a8c859dcc4e3"
url = "https://github.com/pnpm/pnpm/releases/download/v12.5.1/pnpm-linux-arm64-musl.tar.gz"
url_api = "https://api.github.com/repos/pnpm/pnpm/releases/assets/573486225"
provenance = "github-attestations"

[tools.pnpm."platforms.linux-x64"]
checksum = "sha256:5a397dfb6b3d4b07d3d7769586aeb471048faf04299a492e2808b95a9a1c701f"
url = "https://github.com/pnpm/pnpm/releases/download/v12.5.1/pnpm-linux-x64.tar.gz"
url_api = "https://api.github.com/repos/pnpm/pnpm/releases/assets/573486211"
provenance = "github-attestations"

[tools.pnpm."platforms.linux-x64-musl"]
checksum = "sha256:9b1910e07dac85bb7a2f5e0d1eb15da49b9e6220e0862b339877f8729bfb467a"
url = "https://github.com/pnpm/pnpm/releases/download/v12.5.1/pnpm-linux-x64-musl.tar.gz"
url_api = "https://api.github.com/repos/pnpm/pnpm/releases/assets/573486222"
provenance = "github-attestations"

[tools.pnpm."platforms.macos-arm64"]
checksum = "sha256:776b26182ea825d5846dc236d29773cf4b7568b7f0abe145c328a342284c8b75"
url = "https://github.com/pnpm/pnpm/releases/download/v12.5.1/pnpm-darwin-arm64.tar.gz"
url_api = "https://api.github.com/repos/pnpm/pnpm/releases/assets/573486213"
provenance = "github-attestations"

[tools.pnpm."platforms.macos-x64"]
checksum = "sha256:1d2d7caa6018b811fecb6af04cc1d13fad138cc8c555e95ee7af8629473352cb"
url = "https://github.com/pnpm/pnpm/releases/download/v12.5.1/pnpm-darwin-x64.tar.gz"
url_api = "https://api.github.com/repos/pnpm/pnpm/releases/assets/573486224"
provenance = "github-attestations"

[tools.pnpm."platforms.windows-x64"]
checksum = "sha256:fd20b55fe51414951efd4870a24dc4609694e391d07620e0df69aac151278989"
url = "https://github.com/pnpm/pnpm/releases/download/v12.5.1/pnpm-win32-x64.zip"
url_api = "https://api.github.com/repos/pnpm/pnpm/releases/assets/573486214"
provenance = "github-attestations"

[[tools.rust]]
version = "1.98.1"
backend = "core:rust"
specifiers = [
    "1.98",
    "latest",
]

[tools.rust.options]
components = "clippy,rustfmt"
